// !$*UTF8*$!
{
	archiveVersion = 1;
	classes = {
	};
	objectVersion = 48;
	objects = {

/* Begin PBXBuildFile section */
		5E1B9B45EB38247F178076A0 /* Pods_NetworkingRxExample.framework in Frameworks */ = {isa = PBXBuildFile; fileRef = 767FAC44552F2A2AD1477C21 /* Pods_NetworkingRxExample.framework */; };
		E151707A1FC47583008688E7 /* Repository.swift in Sources */ = {isa = PBXBuildFile; fileRef = E15170791FC47583008688E7 /* Repository.swift */; };
		E151707C1FC4759E008688E7 /* Issue.swift in Sources */ = {isa = PBXBuildFile; fileRef = E151707B1FC4759E008688E7 /* Issue.swift */; };
		E151707F1FC4791A008688E7 /* IssueTrackerModel.swift in Sources */ = {isa = PBXBuildFile; fileRef = E151707E1FC4791A008688E7 /* IssueTrackerModel.swift */; };
		E18570F91FBA03370010960D /* AppDelegate.swift in Sources */ = {isa = PBXBuildFile; fileRef = E18570F81FBA03370010960D /* AppDelegate.swift */; };
		E18570FB1FBA03370010960D /* ViewController.swift in Sources */ = {isa = PBXBuildFile; fileRef = E18570FA1FBA03370010960D /* ViewController.swift */; };
		E18570FE1FBA03370010960D /* Main.storyboard in Resources */ = {isa = PBXBuildFile; fileRef = E18570FC1FBA03370010960D /* Main.storyboard */; };
		E18571001FBA03370010960D /* Assets.xcassets in Resources */ = {isa = PBXBuildFile; fileRef = E18570FF1FBA03370010960D /* Assets.xcassets */; };
		E18571031FBA03370010960D /* LaunchScreen.storyboard in Resources */ = {isa = PBXBuildFile; fileRef = E18571011FBA03370010960D /* LaunchScreen.storyboard */; };
		E1AA10B91FBB579C00348CDD /* GithubEndpoint.swift in Sources */ = {isa = PBXBuildFile; fileRef = E1AA10B81FBB579C00348CDD /* GithubEndpoint.swift */; };
		E1AA10BB1FBB5A7600348CDD /* Extensions.swift in Sources */ = {isa = PBXBuildFile; fileRef = E1AA10BA1FBB5A7600348CDD /* Extensions.swift */; };
/* End PBXBuildFile section */

/* Begin PBXFileReference section */
		767FAC44552F2A2AD1477C21 /* Pods_NetworkingRxExample.framework */ = {isa = PBXFileReference; explicitFileType = wrapper.framework; includeInIndex = 0; path = Pods_NetworkingRxExample.framework; sourceTree = BUILT_PRODUCTS_DIR; };
		BC5E3F797CC94BD751E5879F /* Pods-NetworkingRxExample.debug.xcconfig */ = {isa = PBXFileReference; includeInIndex = 1; lastKnownFileType = text.xcconfig; name = "Pods-NetworkingRxExample.debug.xcconfig"; path = "Pods/Target Support Files/Pods-NetworkingRxExample/Pods-NetworkingRxExample.debug.xcconfig"; sourceTree = "<group>"; };
		E15170791FC47583008688E7 /* Repository.swift */ = {isa = PBXFileReference; lastKnownFileType = sourcecode.swift; path = Repository.swift; sourceTree = "<group>"; };
		E151707B1FC4759E008688E7 /* Issue.swift */ = {isa = PBXFileReference; lastKnownFileType = sourcecode.swift; path = Issue.swift; sourceTree = "<group>"; };
		E151707E1FC4791A008688E7 /* IssueTrackerModel.swift */ = {isa = PBXFileReference; lastKnownFileType = sourcecode.swift; path = IssueTrackerModel.swift; sourceTree = "<group>"; };
		E18570F51FBA03370010960D /* NetworkingRxExample.app */ = {isa = PBXFileReference; explicitFileType = wrapper.application; includeInIndex = 0; path = NetworkingRxExample.app; sourceTree = BUILT_PRODUCTS_DIR; };
		E18570F81FBA03370010960D /* AppDelegate.swift */ = {isa = PBXFileReference; lastKnownFileType = sourcecode.swift; path = AppDelegate.swift; sourceTree = "<group>"; };
		E18570FA1FBA03370010960D /* ViewController.swift */ = {isa = PBXFileReference; lastKnownFileType = sourcecode.swift; path = ViewController.swift; sourceTree = "<group>"; };
		E18570FD1FBA03370010960D /* Base */ = {isa = PBXFileReference; lastKnownFileType = file.storyboard; name = Base; path = Base.lproj/Main.storyboard; sourceTree = "<group>"; };
		E18570FF1FBA03370010960D /* Assets.xcassets */ = {isa = PBXFileReference; lastKnownFileType = folder.assetcatalog; path = Assets.xcassets; sourceTree = "<group>"; };
		E18571021FBA03370010960D /* Base */ = {isa = PBXFileReference; lastKnownFileType = file.storyboard; name = Base; path = Base.lproj/LaunchScreen.storyboard; sourceTree = "<group>"; };
		E18571041FBA03370010960D /* Info.plist */ = {isa = PBXFileReference; lastKnownFileType = text.plist.xml; path = Info.plist; sourceTree = "<group>"; };
		E1AA10B81FBB579C00348CDD /* GithubEndpoint.swift */ = {isa = PBXFileReference; lastKnownFileType = sourcecode.swift; path = GithubEndpoint.swift; sourceTree = "<group>"; };
		E1AA10BA1FBB5A7600348CDD /* Extensions.swift */ = {isa = PBXFileReference; lastKnownFileType = sourcecode.swift; path = Extensions.swift; sourceTree = "<group>"; };
		F95DF45BCC92236AB40A51AE /* Pods-NetworkingRxExample.release.xcconfig */ = {isa = PBXFileReference; includeInIndex = 1; lastKnownFileType = text.xcconfig; name = "Pods-NetworkingRxExample.release.xcconfig"; path = "Pods/Target Support Files/Pods-NetworkingRxExample/Pods-NetworkingRxExample.release.xcconfig"; sourceTree = "<group>"; };
/* End PBXFileReference section */

/* Begin PBXFrameworksBuildPhase section */
		E18570F21FBA03370010960D /* Frameworks */ = {
			isa = PBXFrameworksBuildPhase;
			buildActionMask = 2147483647;
			files = (
				5E1B9B45EB38247F178076A0 /* Pods_NetworkingRxExample.framework in Frameworks */,
			);
			runOnlyForDeploymentPostprocessing = 0;
		};
/* End PBXFrameworksBuildPhase section */

/* Begin PBXGroup section */
		17A5A294B69100164CC29D57 /* Frameworks */ = {
			isa = PBXGroup;
			children = (
				767FAC44552F2A2AD1477C21 /* Pods_NetworkingRxExample.framework */,
			);
			name = Frameworks;
			sourceTree = "<group>";
		};
		1EF34903DCD6061DB09EA782 /* Pods */ = {
			isa = PBXGroup;
			children = (
				BC5E3F797CC94BD751E5879F /* Pods-NetworkingRxExample.debug.xcconfig */,
				F95DF45BCC92236AB40A51AE /* Pods-NetworkingRxExample.release.xcconfig */,
			);
			name = Pods;
			sourceTree = "<group>";
		};
		E151707D1FC475A2008688E7 /* Model */ = {
			isa = PBXGroup;
			children = (
				E151707B1FC4759E008688E7 /* Issue.swift */,
				E15170791FC47583008688E7 /* Repository.swift */,
			);
			path = Model;
			sourceTree = "<group>";
		};
		E18570EC1FBA03370010960D = {
			isa = PBXGroup;
			children = (
				E18570F71FBA03370010960D /* NetworkingRxExample */,
				E18570F61FBA03370010960D /* Products */,
				1EF34903DCD6061DB09EA782 /* Pods */,
				17A5A294B69100164CC29D57 /* Frameworks */,
			);
			sourceTree = "<group>";
		};
		E18570F61FBA03370010960D /* Products */ = {
			isa = PBXGroup;
			children = (
				E18570F51FBA03370010960D /* NetworkingRxExample.app */,
			);
			name = Products;
			sourceTree = "<group>";
		};
		E18570F71FBA03370010960D /* NetworkingRxExample */ = {
			isa = PBXGroup;
			children = (
				E151707D1FC475A2008688E7 /* Model */,
				E18570F81FBA03370010960D /* AppDelegate.swift */,
				E18570FA1FBA03370010960D /* ViewController.swift */,
				E151707E1FC4791A008688E7 /* IssueTrackerModel.swift */,
				E1AA10B81FBB579C00348CDD /* GithubEndpoint.swift */,
				E1AA10BA1FBB5A7600348CDD /* Extensions.swift */,
				E18570FC1FBA03370010960D /* Main.storyboard */,
				E18570FF1FBA03370010960D /* Assets.xcassets */,
				E18571011FBA03370010960D /* LaunchScreen.storyboard */,
				E18571041FBA03370010960D /* Info.plist */,
			);
			path = NetworkingRxExample;
			sourceTree = "<group>";
		};
/* End PBXGroup section */

/* Begin PBXNativeTarget section */
		E18570F41FBA03370010960D /* NetworkingRxExample */ = {
			isa = PBXNativeTarget;
			buildConfigurationList = E18571071FBA03370010960D /* Build configuration list for PBXNativeTarget "NetworkingRxExample" */;
			buildPhases = (
				C503A41949B95BCCA43C6A0E /* [CP] Check Pods Manifest.lock */,
				E18570F11FBA03370010960D /* Sources */,
				E18570F21FBA03370010960D /* Frameworks */,
				E18570F31FBA03370010960D /* Resources */,
				9D0D5D0368297F5B988075EC /* [CP] Embed Pods Frameworks */,
				E170E07EC50B716BA4D1E491 /* [CP] Copy Pods Resources */,
			);
			buildRules = (
			);
			dependencies = (
			);
			name = NetworkingRxExample;
			productName = NetworkingRxExample;
			productReference = E18570F51FBA03370010960D /* NetworkingRxExample.app */;
			productType = "com.apple.product-type.application";
		};
/* End PBXNativeTarget section */

/* Begin PBXProject section */
		E18570ED1FBA03370010960D /* Project object */ = {
			isa = PBXProject;
			attributes = {
				LastSwiftUpdateCheck = 0910;
				LastUpgradeCheck = 0910;
				ORGANIZATIONNAME = "Alper Akinci";
				TargetAttributes = {
					E18570F41FBA03370010960D = {
						CreatedOnToolsVersion = 9.1;
						ProvisioningStyle = Automatic;
					};
				};
			};
			buildConfigurationList = E18570F01FBA03370010960D /* Build configuration list for PBXProject "NetworkingRxExample" */;
			compatibilityVersion = "Xcode 8.0";
			developmentRegion = en;
			hasScannedForEncodings = 0;
			knownRegions = (
				en,
				Base,
			);
			mainGroup = E18570EC1FBA03370010960D;
			productRefGroup = E18570F61FBA03370010960D /* Products */;
			projectDirPath = "";
			projectRoot = "";
			targets = (
				E18570F41FBA03370010960D /* NetworkingRxExample */,
			);
		};
/* End PBXProject section */

/* Begin PBXResourcesBuildPhase section */
		E18570F31FBA03370010960D /* Resources */ = {
			isa = PBXResourcesBuildPhase;
			buildActionMask = 2147483647;
			files = (
				E18571031FBA03370010960D /* LaunchScreen.storyboard in Resources */,
				E18571001FBA03370010960D /* Assets.xcassets in Resources */,
				E18570FE1FBA03370010960D /* Main.storyboard in Resources */,
			);
			runOnlyForDeploymentPostprocessing = 0;
		};
/* End PBXResourcesBuildPhase section */

/* Begin PBXShellScriptBuildPhase section */
		9D0D5D0368297F5B988075EC /* [CP] Embed Pods Frameworks */ = {
			isa = PBXShellScriptBuildPhase;
			buildActionMask = 2147483647;
			files = (
			);
			inputPaths = (
				"${SRCROOT}/Pods/Target Support Files/Pods-NetworkingRxExample/Pods-NetworkingRxExample-frameworks.sh",
				"${BUILT_PRODUCTS_DIR}/Alamofire/Alamofire.framework",
				"${BUILT_PRODUCTS_DIR}/ModelMapper/Mapper.framework",
				"${BUILT_PRODUCTS_DIR}/Moya/Moya.framework",
				"${BUILT_PRODUCTS_DIR}/Moya-ModelMapper/Moya_ModelMapper.framework",
				"${BUILT_PRODUCTS_DIR}/Result/Result.framework",
				"${BUILT_PRODUCTS_DIR}/RxCocoa/RxCocoa.framework",
				"${BUILT_PRODUCTS_DIR}/RxOptional/RxOptional.framework",
				"${BUILT_PRODUCTS_DIR}/RxSwift/RxSwift.framework",
			);
			name = "[CP] Embed Pods Frameworks";
			outputPaths = (
				"${TARGET_BUILD_DIR}/${FRAMEWORKS_FOLDER_PATH}/Alamofire.framework",
				"${TARGET_BUILD_DIR}/${FRAMEWORKS_FOLDER_PATH}/Mapper.framework",
				"${TARGET_BUILD_DIR}/${FRAMEWORKS_FOLDER_PATH}/Moya.framework",
				"${TARGET_BUILD_DIR}/${FRAMEWORKS_FOLDER_PATH}/Moya_ModelMapper.framework",
				"${TARGET_BUILD_DIR}/${FRAMEWORKS_FOLDER_PATH}/Result.framework",
				"${TARGET_BUILD_DIR}/${FRAMEWORKS_FOLDER_PATH}/RxCocoa.framework",
				"${TARGET_BUILD_DIR}/${FRAMEWORKS_FOLDER_PATH}/RxOptional.framework",
				"${TARGET_BUILD_DIR}/${FRAMEWORKS_FOLDER_PATH}/RxSwift.framework",
			);
			runOnlyForDeploymentPostprocessing = 0;
			shellPath = /bin/sh;
			shellScript = "\"${SRCROOT}/Pods/Target Support Files/Pods-NetworkingRxExample/Pods-NetworkingRxExample-frameworks.sh\"\n";
			showEnvVarsInLog = 0;
		};
		C503A41949B95BCCA43C6A0E /* [CP] Check Pods Manifest.lock */ = {
			isa = PBXShellScriptBuildPhase;
			buildActionMask = 2147483647;
			files = (
			);
			inputPaths = (
				"${PODS_PODFILE_DIR_PATH}/Podfile.lock",
				"${PODS_ROOT}/Manifest.lock",
			);
			name = "[CP] Check Pods Manifest.lock";
			outputPaths = (
				"$(DERIVED_FILE_DIR)/Pods-NetworkingRxExample-checkManifestLockResult.txt",
			);
			runOnlyForDeploymentPostprocessing = 0;
			shellPath = /bin/sh;
			shellScript = "diff \"${PODS_PODFILE_DIR_PATH}/Podfile.lock\" \"${PODS_ROOT}/Manifest.lock\" > /dev/null\nif [ $? != 0 ] ; then\n    # print error to STDERR\n    echo \"error: The sandbox is not in sync with the Podfile.lock. Run 'pod install' or update your CocoaPods installation.\" >&2\n    exit 1\nfi\n# This output is used by Xcode 'outputs' to avoid re-running this script phase.\necho \"SUCCESS\" > \"${SCRIPT_OUTPUT_FILE_0}\"\n";
			showEnvVarsInLog = 0;
		};
		E170E07EC50B716BA4D1E491 /* [CP] Copy Pods Resources */ = {
			isa = PBXShellScriptBuildPhase;
			buildActionMask = 2147483647;
			files = (
			);
			inputPaths = (
			);
			name = "[CP] Copy Pods Resources";
			outputPaths = (
			);
			runOnlyForDeploymentPostprocessing = 0;
			shellPath = /bin/sh;
			shellScript = "\"${SRCROOT}/Pods/Target Support Files/Pods-NetworkingRxExample/Pods-NetworkingRxExample-resources.sh\"\n";
			showEnvVarsInLog = 0;
		};
/* End PBXShellScriptBuildPhase section */

/* Begin PBXSourcesBuildPhase section */
		E18570F11FBA03370010960D /* Sources */ = {
			isa = PBXSourcesBuildPhase;
			buildActionMask = 2147483647;
			files = (
				E151707F1FC4791A008688E7 /* IssueTrackerModel.swift in Sources */,
				E151707A1FC47583008688E7 /* Repository.swift in Sources */,
				E18570FB1FBA03370010960D /* ViewController.swift in Sources */,
				E1AA10B91FBB579C00348CDD /* GithubEndpoint.swift in Sources */,
				E18570F91FBA03370010960D /* AppDelegate.swift in Sources */,
				E1AA10BB1FBB5A7600348CDD /* Extensions.swift in Sources */,
				E151707C1FC4759E008688E7 /* Issue.swift in Sources */,
			);
			runOnlyForDeploymentPostprocessing = 0;
		};
/* End PBXSourcesBuildPhase section */

/* Begin PBXVariantGroup section */
		E18570FC1FBA03370010960D /* Main.storyboard */ = {
			isa = PBXVariantGroup;
			children = (
				E18570FD1FBA03370010960D /* Base */,
			);
			name = Main.storyboard;
			sourceTree = "<group>";
		};
		E18571011FBA03370010960D /* LaunchScreen.storyboard */ = {
			isa = PBXVariantGroup;
			children = (
				E18571021FBA03370010960D /* Base */,
			);
			name = LaunchScreen.storyboard;
			sourceTree = "<group>";
		};
/* End PBXVariantGroup section */

/* Begin XCBuildConfiguration section */
		E18571051FBA03370010960D /* Debug */ = {
			isa = XCBuildConfiguration;
			buildSettings = {
				ALWAYS_SEARCH_USER_PATHS = NO;
				CLANG_ANALYZER_NONNULL = YES;
				CLANG_ANALYZER_NUMBER_OBJECT_CONVERSION = YES_AGGRESSIVE;
				CLANG_CXX_LANGUAGE_STANDARD = "gnu++14";
				CLANG_CXX_LIBRARY = "libc++";
				CLANG_ENABLE_MODULES = YES;
				CLANG_ENABLE_OBJC_ARC = YES;
				CLANG_WARN_BLOCK_CAPTURE_AUTORELEASING = YES;
				CLANG_WARN_BOOL_CONVERSION = YES;
				CLANG_WARN_COMMA = YES;
				CLANG_WARN_CONSTANT_CONVERSION = YES;
				CLANG_WARN_DIRECT_OBJC_ISA_USAGE = YES_ERROR;
				CLANG_WARN_DOCUMENTATION_COMMENTS = YES;
				CLANG_WARN_EMPTY_BODY = YES;
				CLANG_WARN_ENUM_CONVERSION = YES;
				CLANG_WARN_INFINITE_RECURSION = YES;
				CLANG_WARN_INT_CONVERSION = YES;
				CLANG_WARN_NON_LITERAL_NULL_CONVERSION = YES;
				CLANG_WARN_OBJC_LITERAL_CONVERSION = YES;
				CLANG_WARN_OBJC_ROOT_CLASS = YES_ERROR;
				CLANG_WARN_RANGE_LOOP_ANALYSIS = YES;
				CLANG_WARN_STRICT_PROTOTYPES = YES;
				CLANG_WARN_SUSPICIOUS_MOVE = YES;
				CLANG_WARN_UNGUARDED_AVAILABILITY = YES_AGGRESSIVE;
				CLANG_WARN_UNREACHABLE_CODE = YES;
				CLANG_WARN__DUPLICATE_METHOD_MATCH = YES;
				CODE_SIGN_IDENTITY = "iPhone Developer";
				COPY_PHASE_STRIP = NO;
				DEBUG_INFORMATION_FORMAT = dwarf;
				ENABLE_STRICT_OBJC_MSGSEND = YES;
				ENABLE_TESTABILITY = YES;
				GCC_C_LANGUAGE_STANDARD = gnu11;
				GCC_DYNAMIC_NO_PIC = NO;
				GCC_NO_COMMON_BLOCKS = YES;
				GCC_OPTIMIZATION_LEVEL = 0;
				GCC_PREPROCESSOR_DEFINITIONS = (
					"DEBUG=1",
					"$(inherited)",
				);
				GCC_WARN_64_TO_32_BIT_CONVERSION = YES;
				GCC_WARN_ABOUT_RETURN_TYPE = YES_ERROR;
				GCC_WARN_UNDECLARED_SELECTOR = YES;
				GCC_WARN_UNINITIALIZED_AUTOS = YES_AGGRESSIVE;
				GCC_WARN_UNUSED_FUNCTION = YES;
				GCC_WARN_UNUSED_VARIABLE = YES;
				IPHONEOS_DEPLOYMENT_TARGET = 11.1;
				MTL_ENABLE_DEBUG_INFO = YES;
				ONLY_ACTIVE_ARCH = YES;
				SDKROOT = iphoneos;
				SWIFT_ACTIVE_COMPILATION_CONDITIONS = DEBUG;
				SWIFT_OPTIMIZATION_LEVEL = "-Onone";
			};
			name = Debug;
		};
		E18571061FBA03370010960D /* Release */ = {
			isa = XCBuildConfiguration;
			buildSettings = {
				ALWAYS_SEARCH_USER_PATHS = NO;
				CLANG_ANALYZER_NONNULL = YES;
				CLANG_ANALYZER_NUMBER_OBJECT_CONVERSION = YES_AGGRESSIVE;
				CLANG_CXX_LANGUAGE_STANDARD = "gnu++14";
				CLANG_CXX_LIBRARY = "libc++";
				CLANG_ENABLE_MODULES = YES;
				CLANG_ENABLE_OBJC_ARC = YES;
				CLANG_WARN_BLOCK_CAPTURE_AUTORELEASING = YES;
				CLANG_WARN_BOOL_CONVERSION = YES;
				CLANG_WARN_COMMA = YES;
				CLANG_WARN_CONSTANT_CONVERSION = YES;
				CLANG_WARN_DIRECT_OBJC_ISA_USAGE = YES_ERROR;
				CLANG_WARN_DOCUMENTATION_COMMENTS = YES;
				CLANG_WARN_EMPTY_BODY = YES;
				CLANG_WARN_ENUM_CONVERSION = YES;
				CLANG_WARN_INFINITE_RECURSION = YES;
				CLANG_WARN_INT_CONVERSION = YES;
				CLANG_WARN_NON_LITERAL_NULL_CONVERSION = YES;
				CLANG_WARN_OBJC_LITERAL_CONVERSION = YES;
				CLANG_WARN_OBJC_ROOT_CLASS = YES_ERROR;
				CLANG_WARN_RANGE_LOOP_ANALYSIS = YES;
				CLANG_WARN_STRICT_PROTOTYPES = YES;
				CLANG_WARN_SUSPICIOUS_MOVE = YES;
				CLANG_WARN_UNGUARDED_AVAILABILITY = YES_AGGRESSIVE;
				CLANG_WARN_UNREACHABLE_CODE = YES;
				CLANG_WARN__DUPLICATE_METHOD_MATCH = YES;
				CODE_SIGN_IDENTITY = "iPhone Developer";
				COPY_PHASE_STRIP = NO;
				DEBUG_INFORMATION_FORMAT = "dwarf-with-dsym";
				ENABLE_NS_ASSERTIONS = NO;
				ENABLE_STRICT_OBJC_MSGSEND = YES;
				GCC_C_LANGUAGE_STANDARD = gnu11;
				GCC_NO_COMMON_BLOCKS = YES;
				GCC_WARN_64_TO_32_BIT_CONVERSION = YES;
				GCC_WARN_ABOUT_RETURN_TYPE = YES_ERROR;
				GCC_WARN_UNDECLARED_SELECTOR = YES;
				GCC_WARN_UNINITIALIZED_AUTOS = YES_AGGRESSIVE;
				GCC_WARN_UNUSED_FUNCTION = YES;
				GCC_WARN_UNUSED_VARIABLE = YES;
				IPHONEOS_DEPLOYMENT_TARGET = 11.1;
				MTL_ENABLE_DEBUG_INFO = NO;
				SDKROOT = iphoneos;
				SWIFT_OPTIMIZATION_LEVEL = "-Owholemodule";
				VALIDATE_PRODUCT = YES;
			};
			name = Release;
		};
		E18571081FBA03370010960D /* Debug */ = {
			isa = XCBuildConfiguration;
			baseConfigurationReference = BC5E3F797CC94BD751E5879F /* Pods-NetworkingRxExample.debug.xcconfig */;
			buildSettings = {
				ASSETCATALOG_COMPILER_APPICON_NAME = AppIcon;
				CODE_SIGN_STYLE = Automatic;
				DEVELOPMENT_TEAM = 4B72B6ARQW;
				INFOPLIST_FILE = NetworkingRxExample/Info.plist;
				LD_RUNPATH_SEARCH_PATHS = "$(inherited) @executable_path/Frameworks";
				PRODUCT_BUNDLE_IDENTIFIER = alper.NetworkingRxExample;
				PRODUCT_NAME = "$(TARGET_NAME)";
				SWIFT_VERSION = 4.0;
				TARGETED_DEVICE_FAMILY = "1,2";
			};
			name = Debug;
		};
		E18571091FBA03370010960D /* Release */ = {
			isa = XCBuildConfiguration;
			baseConfigurationReference = F95DF45BCC92236AB40A51AE /* Pods-NetworkingRxExample.release.xcconfig */;
			buildSettings = {
				ASSETCATALOG_COMPILER_APPICON_NAME = AppIcon;
				CODE_SIGN_STYLE = Automatic;
				DEVELOPMENT_TEAM = 4B72B6ARQW;
				INFOPLIST_FILE = NetworkingRxExample/Info.plist;
				LD_RUNPATH_SEARCH_PATHS = "$(inherited) @executable_path/Frameworks";
				PRODUCT_BUNDLE_IDENTIFIER = alper.NetworkingRxExample;
				PRODUCT_NAME = "$(TARGET_NAME)";
				SWIFT_VERSION = 4.0;
				TARGETED_DEVICE_FAMILY = "1,2";
			};
			name = Release;
		};
/* End XCBuildConfiguration section */

/* Begin XCConfigurationList section */
		E18570F01FBA03370010960D /* Build configuration list for PBXProject "NetworkingRxExample" */ = {
			isa = XCConfigurationList;
			buildConfigurations = (
				E18571051FBA03370010960D /* Debug */,
				E18571061FBA03370010960D /* Release */,
			);
			defaultConfigurationIsVisible = 0;
			defaultConfigurationName = Release;
		};
		E18571071FBA03370010960D /* Build configuration list for PBXNativeTarget "NetworkingRxExample" */ = {
			isa = XCConfigurationList;
			buildConfigurations = (
				E18571081FBA03370010960D /* Debug */,
				E18571091FBA03370010960D /* Release */,
			);
			defaultConfigurationIsVisible = 0;
			defaultConfigurationName = Release;
		};
/* End XCConfigurationList section */
	};
	rootObject = E18570ED1FBA03370010960D /* Project object */;
}
